Microsoft Visual Studio Solution File, Format Version 9.00
# Visual Studio 2005
Project("{FAE04EC0-301F-11D3-BF4B-00C04F79EFBC}") = "InitializeObjects.Module", "InitializeObjects.Module\InitializeObjects.Module.csproj", "{8FE516EF-FE47-4151-BDC4-34249343844D}"
	ProjectSection(WebsiteProperties) = preProject
		Debug.AspNetCompiler.Debug = "True"
		Release.AspNetCompiler.Debug = "False"
	EndProjectSection
EndProject
Project("{FAE04EC0-301F-11D3-BF4B-00C04F79EFBC}") = "InitializeObjects.Web", "InitializeObjects.Web\InitializeObjects.Web.csproj", "{D4205E46-B2EB-4EB4-827A-5A4EF6AAD8D0}"
	ProjectSection(WebsiteProperties) = preProject
		Debug.AspNetCompiler.Debug = "True"
		Release.AspNetCompiler.Debug = "False"
	EndProjectSection
EndProject
Project("{FAE04EC0-301F-11D3-BF4B-00C04F79EFBC}") = "InitializeObjects.Win", "InitializeObjects.Win\InitializeObjects.Win.csproj", "{5F1FE63B-9005-4E06-A33E-C6157B0418F8}"
	ProjectSection(WebsiteProperties) = preProject
		Debug.AspNetCompiler.Debug = "True"
		Release.AspNetCompiler.Debug = "False"
	EndProjectSection
EndProject
Global
	GlobalSection(SolutionConfigurationPlatforms) = preSolution
		Debug|Any CPU = Debug|Any CPU
		EasyTest|Any CPU = EasyTest|Any CPU
		Release|Any CPU = Release|Any CPU
	EndGlobalSection
	GlobalSection(ProjectConfigurationPlatforms) = postSolution
		{8FE516EF-FE47-4151-BDC4-34249343844D}.Debug|Any CPU.ActiveCfg = Debug|Any CPU
		{8FE516EF-FE47-4151-BDC4-34249343844D}.Debug|Any CPU.Build.0 = Debug|Any CPU
		{8FE516EF-FE47-4151-BDC4-34249343844D}.EasyTest|Any CPU.ActiveCfg = EasyTest|Any CPU
		{8FE516EF-FE47-4151-BDC4-34249343844D}.EasyTest|Any CPU.Build.0 = EasyTest|Any CPU
		{8FE516EF-FE47-4151-BDC4-34249343844D}.Release|Any CPU.ActiveCfg = Release|Any CPU
		{8FE516EF-FE47-4151-BDC4-34249343844D}.Release|Any CPU.Build.0 = Release|Any CPU
		{D4205E46-B2EB-4EB4-827A-5A4EF6AAD8D0}.Debug|Any CPU.ActiveCfg = Debug|Any CPU
		{D4205E46-B2EB-4EB4-827A-5A4EF6AAD8D0}.Debug|Any CPU.Build.0 = Debug|Any CPU
		{D4205E46-B2EB-4EB4-827A-5A4EF6AAD8D0}.EasyTest|Any CPU.ActiveCfg = EasyTest|Any CPU
		{D4205E46-B2EB-4EB4-827A-5A4EF6AAD8D0}.EasyTest|Any CPU.Build.0 = EasyTest|Any CPU
		{D4205E46-B2EB-4EB4-827A-5A4EF6AAD8D0}.Release|Any CPU.ActiveCfg = Release|Any CPU
		{D4205E46-B2EB-4EB4-827A-5A4EF6AAD8D0}.Release|Any CPU.Build.0 = Release|Any CPU
		{5F1FE63B-9005-4E06-A33E-C6157B0418F8}.Debug|Any CPU.ActiveCfg = Debug|Any CPU
		{5F1FE63B-9005-4E06-A33E-C6157B0418F8}.Debug|Any CPU.Build.0 = Debug|Any CPU
		{5F1FE63B-9005-4E06-A33E-C6157B0418F8}.EasyTest|Any CPU.ActiveCfg = EasyTest|Any CPU
		{5F1FE63B-9005-4E06-A33E-C6157B0418F8}.EasyTest|Any CPU.Build.0 = EasyTest|Any CPU
		{5F1FE63B-9005-4E06-A33E-C6157B0418F8}.Release|Any CPU.ActiveCfg = Release|Any CPU
		{5F1FE63B-9005-4E06-A33E-C6157B0418F8}.Release|Any CPU.Build.0 = Release|Any CPU
	EndGlobalSection
	GlobalSection(SolutionProperties) = preSolution
		HideSolutionNode = FALSE
	EndGlobalSection
EndGlobal
